
Microsoft Visual Studio Solution File, Format Version 12.00
# Visual Studio Version 17
VisualStudioVersion = 17.7.34221.43
MinimumVisualStudioVersion = 10.0.40219.1
Project("{FAE04EC0-301F-11D3-BF4B-00C04F79EFBC}") = "Kalkkulator", "Kalkkulator.csproj", "{4162249F-D538-4618-8977-F0FEE2048A0B}"
EndProject
Global
	GlobalSection(SolutionConfigurationPlatforms) = preSolution
		Debug|Any CPU = Debug|Any CPU
		Release|Any CPU = Release|Any CPU
	EndGlobalSection
	GlobalSection(ProjectConfigurationPlatforms) = postSolution
		{4162249F-D538-4618-8977-F0FEE2048A0B}.Debug|Any CPU.ActiveCfg = Debug|Any CPU
		{4162249F-D538-4618-8977-F0FEE2048A0B}.Debug|Any CPU.Build.0 = Debug|Any CPU
		{4162249F-D538-4618-8977-F0FEE2048A0B}.Release|Any CPU.ActiveCfg = Release|Any CPU
		{4162249F-D538-4618-8977-F0FEE2048A0B}.Release|Any CPU.Build.0 = Release|Any CPU
	EndGlobalSection
	GlobalSection(SolutionProperties) = preSolution
		HideSolutionNode = FALSE
	EndGlobalSection
	GlobalSection(ExtensibilityGlobals) = postSolution
		SolutionGuid = {535D8E46-3F6F-43BE-BEED-259D66A8AC60}
	EndGlobalSection
EndGlobal
